
Microsoft Visual Studio Solution File, Format Version 12.00
Project("{FAE04EC0-301F-11D3-BF4B-00C04F79EFBC}") = "SByte.Xamarin.iOS.Extensions", "SByte.Xamarin.iOS.Extensions\SByte.Xamarin.iOS.Extensions.csproj", "{6AF7B954-530F-4F82-9529-6B56061CF437}"
EndProject
Global
	GlobalSection(SolutionConfigurationPlatforms) = preSolution
		Debug|Any CPU = Debug|Any CPU
		Release|Any CPU = Release|Any CPU
	EndGlobalSection
	GlobalSection(ProjectConfigurationPlatforms) = postSolution
		{6AF7B954-530F-4F82-9529-6B56061CF437}.Debug|Any CPU.ActiveCfg = Debug|Any CPU
		{6AF7B954-530F-4F82-9529-6B56061CF437}.Debug|Any CPU.Build.0 = Debug|Any CPU
		{6AF7B954-530F-4F82-9529-6B56061CF437}.Release|Any CPU.ActiveCfg = Release|Any CPU
		{6AF7B954-530F-4F82-9529-6B56061CF437}.Release|Any CPU.Build.0 = Release|Any CPU
	EndGlobalSection
EndGlobal
